
Microsoft Visual Studio Solution File, Format Version 12.00
# Visual Studio Version 16
VisualStudioVersion = 16.0.32510.428
MinimumVisualStudioVersion = 10.0.40219.1
Project("{FAE04EC0-301F-11D3-BF4B-00C04F79EFBC}") = "BigSchool_VoDaiAnhHao", "BigSchool_VoDaiAnhHao\BigSchool_VoDaiAnhHao.csproj", "{A033EF35-E3FD-4BE6-8736-CCD05F6EA178}"
EndProject
Global
	GlobalSection(SolutionConfigurationPlatforms) = preSolution
		Debug|Any CPU = Debug|Any CPU
		Release|Any CPU = Release|Any CPU
	EndGlobalSection
	GlobalSection(ProjectConfigurationPlatforms) = postSolution
		{A033EF35-E3FD-4BE6-8736-CCD05F6EA178}.Debug|Any CPU.ActiveCfg = Debug|Any CPU
		{A033EF35-E3FD-4BE6-8736-CCD05F6EA178}.Debug|Any CPU.Build.0 = Debug|Any CPU
		{A033EF35-E3FD-4BE6-8736-CCD05F6EA178}.Release|Any CPU.ActiveCfg = Release|Any CPU
		{A033EF35-E3FD-4BE6-8736-CCD05F6EA178}.Release|Any CPU.Build.0 = Release|Any CPU
	EndGlobalSection
	GlobalSection(SolutionProperties) = preSolution
		HideSolutionNode = FALSE
	EndGlobalSection
	GlobalSection(ExtensibilityGlobals) = postSolution
		SolutionGuid = {627DF30F-BB63-41BE-8BB6-3BCBAD91C52D}
	EndGlobalSection
EndGlobal
